{
  "app-settings": "dcf53aa9817c5553e153bed959744de40fda3a192e24a64e5d91273b5d1d200b",
  "bases-fig": {"key": "ed258c775eb09622690353b7e1d609b3fd246605ad088c77a40a807c501ad755", "files": ["bases-fig.png", "bases-fig.webp"]},
  "blog-launching-mrlyprod-org": "5658d2af3b9f65a010d0da46e46579769066359680171eaf0d590bfa71863bb1",
  "cuts-fig": {"key": "e62a101e1ad8ab3182d93473cb804aac206c81e5d6695200ededc9ebd935da0d", "files": ["cuts-fig.png", "cuts-fig.webp"]},
  "demo-apollonian": "aa5bf12886345c7e7cdd01b15c049ffdd0b143ed38e15694c5474eed514eb5cb",
  "demo-arcs": "6f3bb82113c76afb2350afe8e221adebf09a682f06c8405c5f93a0cd7ee8a29f",
  "demo-arrays": "7d46c1aed7e92ea438a799a88faf72f102ddb10f2bf455123b6881207727f542",
  "demo-carry": "7ea1074191a8ee12079f7b6b923797233ebe31b84790b33c2e133b667eb2ca1f",
  "demo-chladni": "8aa84e9afc7234811a7279a089caa4d60707518535a883668752cf84b580f09e",
  "demo-crop": "59509b4b60e8df54437893aa1b45b01a7d6e29526c11f8a595106aea91f4ae94",
  "demo-cuts": "c2bde66b41868c36685122073e76ec45eb721ef5a24064f26a98a7705dbe12e7",
  "demo-dissection": "72ad12dc165e64947c2ce39cc9d55d2238959ec7021b7e0d5657d9eeb7728ae2",
  "demo-echo": "d628b9a57eaa587c4d02eca20fc6b171d64d51ea3b1e111dc3433dc9843fda31",
  "demo-font": "e1b0b3ae7c8b30e517c7812125677afbbefecc6ac795b8dad145ae37bbe15ef1",
  "demo-gaussian": "f14974bb6ab79ab75f8953c9cb0b4ab4f97f81dde3856c9ed4fe32ca9dc663ca",
  "demo-graphs": "c06be6c034c13ef556f6bbd84de25c4693e1b5f425f33547d52c22ef99ae31ae",
  "demo-integers": "a536cf08d6ca8513a0883be1a2b7d2e563c6cb6d5a7b8c557079e632b8585087",
  "demo-kummer": "8d2d665f30bd8a108b1509995106a6964910d493157ff44ce2e764f4972d3ba1",
  "demo-life": "21236b317679aaf6bb7209073ec85f557af2234aefeb8a6c0807ff650855234e",
  "demo-memory": "f49e6bb69408545fff32b482593177d290fdd45f17577a29937b642f7c89ed76",
  "demo-minkowski": "c965576b4a20ee7c1892c47b331c851beb1913820fb22281a6ed6d24bfc552c2",
  "demo-modes": "f18a87f1ec65ecb1df93896b4d7daf4ef0099ba4a73b8605b330cf11e8588a57",
  "demo-moire": "c1655d2547466b76be8ba340a2584a1353e60091f5ab38392aa4d871237a9ed5",
  "demo-morse": "1804b7e0defff672402e1a4c2694f1841f6b8eec8b78f7f41a1ff4ff3c5e17e1",
  "demo-mrlylife": "1c7dfb775305d994b70b713f660adacbfa38afbf4f695c371dd9bf392d4561b3",
  "demo-novelty": "a5490298da16da0a46773277bd21a9f41cb644605eb81fb858d11171e4423a4a",
  "demo-plot": "ce6754444d21fa7388cb2276e6c87e8911a6b53044db43a8a44f814d00f602a1",
  "demo-primes": "bbcde170cd27534d9b2e0c5ef38df5e021c99945528a795a5aa828c2a2c8203a",
  "demo-race": "830a09c61dcee68229d2dc2f6b8fe827b57a61096ef78dd331d7c16f03d53af4",
  "demo-radial": "8daab3de96f880531ac86f33b95951397e950f99eb731f4e001ff55dd62d700b",
  "demo-radix": "6c675637e1daef86bace1899999020c2ff3419f398db462d6e50e44b8eb1d967",
  "demo-sequences": "aad1787e88b25907c70aae025db475cae284a261c8857594c4c4d063b6588690",
  "demo-shell": "aea99183dec5cfce1391bc6c27aaa36811be2f68782e34150fe02506b4229148",
  "demo-slices": "06d02e014264ee44c45a90d971f880ca2515d6c022d4da3988c9ac002ad19b56",
  "demo-snail": "c4a9d2ea23fd4e9a8982c5be1ce09834c869e2d2e22c518161d0098d57d9f8c0",
  "demo-spectra": "b656a799d47aca0d4613bcca9f4b2664230295b7e2937d202686178f92dee525",
  "demo-spectrometer": "ee7c7ae0afd7d07bcaf4e7980947388a98352c10b0a8aca75ce1b5af1ee20be5",
  "demo-spin": "7673f40eccff8d1091bec0b7b7b077c441d74c33320d454aef9de38745f170e0",
  "demo-spirograph": "9b59b4c7c4693da029e31fceea6c28828d15ebdb7a7ad8c0a43b539510437cd0",
  "demo-sponge": "a60ba4b4960f870454fec64eda350ac749fa8c5cec7c98342a0ca0fbb737c2b7",
  "demo-staircase": "84c83905e2843c5e9e4d1c9d2c3df4080eb24616f4ca4182d3ab4f3a5683d47a",
  "demo-star": "7bd6e57e6aa79d8ede348e5c2ebb4738e6d64e7d573be916c4f885442e9e5794",
  "demo-sumset": "c1e7221c781a58155968fde7f938356603de1fac34eeee3009b779500822715c",
  "demo-tile": "c35c1e0f47695bbcc603e5476551c8db76e71ea4054c796565f64d885ae3a757",
  "demo-tour": "4de8338674705e53dd80c35b7fbcf4d2c80830351750f9d028749c815225efbe",
  "demo-tourbillon": "52ef679141e78c0efd962debcf7450d04402954c10941146b8160f4a4fbb7400",
  "demo-tower": "ba443f6948c1a0b2bc5e919d37b7ec2ca07043e88196475b9b9fccbe8e46ff0a",
  "demo-tube": "f3e87764fefb7b7de600a451df4753609ad426b28346b9f30c89b333472fd77b",
  "demo-ulam": "08054e215fb0df6d2f10118d389c373210e2b00f537a2e22365ec90cc2037837",
  "demo-universe": "7a331d081caf13c76f8d7767f9cac6c195ae6de6f587ca70a6264a53214357f4",
  "demo-volume": "cc1397b6b64d9a4ffeb37f4197a119e26c15926455570cb2fd9b670da261a136",
  "demo-weights": "033c9cff6ccf42a86ae4a07804d7036514f04f4ac9964b20ee32a50f9473e09a",
  "demo-wolfram": "171af3d71cafc3e244a4607cc4793a52c042bc74f807fc2cd165aa5f0c90ce79",
  "demo-words": "54728dc0b8a3c0cf1fff51263f883985e52ca839e71b2afceb218a235d5e7b28",
  "demo-zeta": "5b78871a6b7ec590e5d196cd814024b9f1aeabe947822860c093bc8677e9fbaf",
  "moire-local-limit": "7277408abb8ea32fe58c3ba4742326f24c7b4ff7f77590aee8a23773d6296373",
  "paper-component-exponent-of-kronecker-words": "defd51157b4627c4085e40fca210de7a90e8df62d76f4a9282a2e0f5ef4985df",
  "paper-coprime-density-above-dimension-one": "bb6a521ad6aa82097f362ac9b487c116234245c7ba7452252b88e254782750d2",
  "paper-design-dirichlet-inverse": "75913fc30f39169461bcf948ee3a93b68721950b4debddfcb05299392fb5ddae",
  "paper-digit-sum-twist-power-saving": "e20e57598c343546d9aa74c4491f8e88ef64639de560c53cfda5bea0e3c9b55b",
  "paper-divisor-avatars": "8f5aed04c068c051aaa961027c7564f38686132eeea1a35fe386677078d0c900",
  "paper-erdos-125-upper-density": "1ef3ccd848b62cccf90427341165e5d2fcfed7dd6a4b36690f298675d892d1d8",
  "paper-first-base-below-a-quarter": "7129d00ae609a53e797541cca8373b0fb731f3ab3a1264c21932937d84d9bdee",
  "paper-fractal-array-fragility": "a87492e69dc8b6228df3e8c44bb0eb20b9da43e56e2a473419bebbda2c45599d",
  "paper-franel-converse": "2e04d3f5e30b60742764576c841acaa52d450b0ad76723c0355503d77cc114a4",
  "paper-gasket-ray-machine": "2ae4899b180f1e1aada6679d76974ed89881452f4d6dd053fadf668f0a443658",
  "paper-half-interval-mobius": "91256245930bd39df7292299332018e03ba608e241e9f86a3fe0a44ea2f258a2",
  "paper-lemma-b-pincer": "ab5f788dbcabf3f0f63c23cdffe3909a85b1f9f1828b83d466c895d9c4656450",
  "paper-menger-pairwise-coprimality": "0d77969f3d167db67bd1a654b96074bf5607ad64aecb00654c1f80b4be21744e",
  "paper-moire-correlation-laws": "6b62d69ff0a610e09cfe0142bc7f977f3a6d43cc0361a362c25f30b728b52a5c",
  "paper-novelty-meter": "c12ea11faa08d868016ff8558c1da6f2067e6db89b75ec4b205d8c796d920a25",
  "paper-order-sensitivity-of-kronecker-words": "82b8fe227a48a2d26f9c45b8adeeaad99664d99ca66338aa0d1fe95fbda6f8f3",
  "paper-sequence-census": "b7dcf5b09c8a37f6b3370616d1219c2bb66b1c2f4773fbd7e1698837c5f75ca9",
  "paper-slice-recurrence-order": "b8f7116740808e1b783f84b228dddf6f3fad20de3f0be66f79cfa347e285791a",
  "paper-slice-sign-even-half": "0fc0e7264fc4456a2f30440769cc27ad6ee916e482cb094af47f46ec0c55d498",
  "paper-sparse-mertens-under-grh": "249d1c381725943350fd37dd16a1e2a78aa25fe4a0bffd1cb26a87a47ec87d2b",
  "paper-spectral-tiling-levels": "6c71d0e93600973e72d0e2d119b9d399ade6c1aacebb8721b664417f198a5bb3",
  "paper-spin-harmonics": "687a9760d6ffa0c1400ac5c9f1e654b41b45394900af04fd71a24ad5330f10ee",
  "paper-spin-harmonics-homometric": {"key": "10b50b16e6988d362306a831248d1d2092ba62f3246192bbee8d61b54745781d", "files": ["paper-spin-harmonics-homometric.png", "paper-spin-harmonics-homometric.webp"]},
  "paper-sponge-measurability": "b068d4e4461b130d9ea6b75c9eb50dad04c9e00195dd18c9af82f9a681bd515b",
  "paper-unconditional-mertens-at-large-base": "6b05a9a4301163b518a77c697512986f630284017a95787c4fb06f05f09fc1a0",
  "paper-walsh-spectrometer": "ab83cba61d3bd54721ef4cd7f0be5755e692457003d0876e2143599eb75f4bb0",
  "research-adjacent": "8568cd5095e903bba34313fc3f628e0c56ab0aa69a286654c88769c17768c38f",
  "research-apollonian": "65dc99cdecbf8e62a49a0a1057c443792ce4c84f10b0d638582a6a14da3e5468",
  "research-arcs": "09f0efdb1ef639a53f872de3db62b881ce5b1f9b8cd4f658e4cab41a37340838",
  "research-arrays": "316505ddc0abb123999a016cdad5c9330afcc85f0478a1674bc5db3a48884e4e",
  "research-automata": "36998a58750255d663fc12446ff3bc495db9fb09418242d59a8dda30859da5eb",
  "research-bases": "ab4e1054cbe46c8a7c94c815163c089fb56c0cf024aa02ea615abfd01341398e",
  "research-beneath": "78e65063516ffec122b8af761d2049707e1e291a386449db8c21f034d09dd4bd",
  "research-bijection": "db343fe200b90156c6dce475c91cb109f66e2b3433c267ecc12b5e02c48a5487",
  "research-cobham": "a47bbd02510c1d7d28cc27d97e08d6d1cfcc1822d6b8865a6678d21c855a39ec",
  "research-complexity": "d2f3a18f5492d67216c080fb7ba5314a4f7422f8b1146add80bcb0cd358f6523",
  "research-connectivity": "c15afdb30c79a5cfaa6e9ed1bc326ccdbccf1b910d566bae03204b84be9d5dfb",
  "research-coprime": "2a67cf89e66604c7a515392a164b1d2634ddc5a40ce023d0875b5873d3908b3e",
  "research-core": "5e3a7e3fcadbc82a958f713f4ab0f09546aa5bb1f1667244f909663afc39b279",
  "research-crop": "92c2fae365b2dd6dba3b888b5ad52e6ff47068cd2997697d3bc3a31058486a4d",
  "research-cuts": "b0c518c47feb4c279f9cb520a40171d558b21d70c7c420a82786243e47e35849",
  "research-dilations": "eda2a6c5eac49e107b0e95bd2e9a1d37b7834841e64ef6aa9c5033f4c0733fc0",
  "research-dimensions": "70c3615972943ded836ce41994b43ea3560d0a9e9627c0174096e8679e2d3667",
  "research-dimers": "f16b428418a033b78ce6de1fb8af08368c1f4ef0bbb5a56d22a2360e24105c78",
  "research-erdos": "56a88784e5c3c42f56df6c7d7911ccaf34e73374882b0665f7124eac06613694",
  "research-farey": "b36007799fc584d04c173912eb30300d1b1f5887156493a9225e2cedad4c83c7",
  "research-franel": "fc21fe9ee9b259025a0585672609242b7546798d97b221669c8da12d2b2780f4",
  "research-gelfond": "90453acf8aa6c844c1af5458901dcdf6ea43466191309beb640016d973315696",
  "research-hexagon": "9f9ea7c47685fe06affaa4fb15eedc69a55b3701025f5bc0e7bdad8fe6480ec1",
  "research-index": "3da7c4108caed7ca49dee1ebbbbe0bf7794aeb2b52d413840337d8377db804bb",
  "research-information": "2abcc9fdc402f4f74b83bb576ecca2b0686761c86cd250a84cdfe768674248f8",
  "research-integers": "7ef25c8765d4ca77897bc63d828a8fa4636585f71bf117a29fcc4569bde81132",
  "research-kummer": "acd93f6b8bf460b9d2e7df46a91611fa7cfe0c42cd5199f08a943239b10f8136",
  "research-magic": "8264c80f26d682ea882e3214b921c88c701ab9bf57d1adbdf2c869bb1d1a5e58",
  "research-method": "72a779e12baf73fc947388de70277d758923415f6a913d333619495f82d8cfab",
  "research-mobius": "6d564bb4b6136b0e01e3bf799bbc0cf7725a6bee3a1ca58373f979fde3bda424",
  "research-multilayers": "593e8366afb4b8ab1d77af170f32de579dff9c224317f3c9fea1238ccab96289",
  "research-pi": "c275760a4a7c76eabeab662d7d12a569d2a72c7a98ba25505e18b1e146dd195f",
  "research-sequences": "02ffa8dd881b9e9c57638edf706689de43e48b1835c9c1b6f93007581b9e32a0",
  "research-slices": "39d052fd020b838c5fbe9e64fdcec185f73f1b9d37db6260099a09e85c76b9a5",
  "research-spectra": "0e7a10f9cfa2a5659c6b106dc106287c91580a1df9b1529708a45256edc621f8",
  "research-spin": "4c018697e9c7125ccfa879ff9017b2e9ec3084d5134170c4cfe9abd6bb616086",
  "research-spirograph": "3433536c944250c79bbb605551d1fb95e706e30336a80e73abe12703da804bea",
  "research-stack": "f42fed9b1becc8e44f68f44e6c4bc48c3b5863edca03aa42030bab2bc738cb8c",
  "research-tilings": "56a88586f6a828015619e686df82f9bc18022a8d507982e9fee9351fee0a9209",
  "research-toolpaths": "29aca4f09f483b673c0483fd9357476d19e0f8c34178fc4f60dcbbff2b50d7c8",
  "research-walks": "2e8b1aeae8c71cabc5ca89d89bc28bfc9c52a2087c97bfa44008e44f0adca9e0",
  "research-weights": "54fd4df4c59eb0f7db75dda0c508235f0ef7c7cadd03559a361ad063767189c8",
  "research-windows": "0aad57986cccce5d2ed5a0c97595b2757b3558c2360dba5bdc54490631aa2ad7",
  "research-zeta": "b0baa9ae689b5273734c04b9a3fc2bfea9179eadf86242b14cd3dc2fd7fe945a",
  "site-apps": "9789de94ac837f53664265c71398e599aaa15e9fe06ebef34e6cc89136fb16a8",
  "site-blog": "772faeb2a3482c40d3cdfab96278dc3b87d4248cc0d0dd7727a2c78d13a5569f",
  "site-cart": "d6aad88a68e60237e77788c252cfe3451fcf779ff05d826f1efbe5c99bc15e9b",
  "site-claims": "71ed063f15c2198c760d11631169eac90739457d74ed4e86a27ab36907a672e3",
  "site-code": "036e2afa3dfe36fa78428d415f0769867338fcdddab57610358cb80dee4db18c",
  "site-contact": "50f6914211fd4e4353933fb5d9d650b00fd89ddbb8d4714a34cf91d1fda1c306",
  "site-demos": "d5a8b02df01785223a10ec28f70e6aa12f29cea0addffebf4c45c5a7ebd7a867",
  "site-donate": "487a380ce3336216cb9195eec612d0aad56d92a6535fcf3674db580dd7f48107",
  "site-elsewhere": "61cf8e2f00d241c99fae84fb90c840a11bd3f2039c5a05b63b42732d4ebb11d6",
  "site-home": "0b880d2b95fe66573502dd459589d039eae775d78a413a4a34fe58610aa18076",
  "site-icon": "e3d479ecba77b766e89bbe7f2ac1469795b3d7d1d05430f305bb11fc367b6e5b",
  "site-math": "937d01a5d263404bdf1d972702ffb7937c74c85e400253a3345fbbaa7a37e8ad",
  "site-menu": "d5517900fe4b66363520805d0f3c23ead6c14579d59477a338f8630d88cd3ec7",
  "site-method": "1f7e4170a13bf3ac52cc8e7c50956c16fe72e1663e701e7453e50e1b367d710c",
  "site-notes": "49ae04c3bf49b521548cccb4f91ed19633b721327a563986cf9f7340898f36c5",
  "site-og": "876626c90f253909e9150a885a7c7bf972aa0a3d3f53721dd94c56fb5583cbca",
  "site-page": "9a52fd7f4f2ec5b4d5728d7d9ae950d2bda147f5fb06f1144205ce8976682e56",
  "site-pages": "f06e9a3476f475d1bedbe29a0cbadb7911cefd90caae1223e41acab38a58bcc7",
  "site-papers": "628cf01e46f4cc44400330231000351410ea3989ad4e67d38ab14c9178174091",
  "site-research": "3cbde5c44664b37216c81db8451083fcfdc0544a8c21c134607775d8bc3b6fed",
  "site-research-folder": "390f1097eb1d6765e4e053f5deb0c9b681a85a3e4a09e28d3a8bdd7d511fbaa3",
  "site-root": "11e9303c6c75344cb7c0db89f41b16b37c904418963e1b9d29f1716ea02e5750",
  "site-stats": "e922a7d20a51c03dea01c409f96ade009457837937862b1a99cbc469bb3b50dd",
  "site-wiki": "6485a6778c96af910aff9e7c3aee73e5038ab1f56349fe1a35938423d1454820",
  "walks-fig": {"key": "fdbf9792832936a1d8e6916a92ae9ac7da458a1691537fcbbc0e11e528703e91", "files": ["walks-fig.png", "walks-fig.webp"]},
  "wiki-basel-problem": "43d07788ffadc1f3491e86b532f837ece3cbd97f9f007a556bf4d27635952474",
  "wiki-beurling-generalized-primes": "6e29ca4acbf7374fd0f6a37d5dcb1ee944dc0c9cc5e96c768cd3c0213571b7f2",
  "wiki-burnsides-lemma": "3fd9d2060a95b815466539767ed04188f7d47c22214c56a4531f6ecc98793ca6",
  "wiki-cantor-set": "523190114b9c37de0c6c9a26b04eb9116070a9de16eebc9f998863fd97af096c",
  "wiki-cellular-automaton": "4d94912545f887007eb6a74c98d394e6a5156786477ec3539e25b308edfb39bd",
  "wiki-difference-coarray": "4e2c5ef90dcd78326ca64917d5deb6ffd59dd636c807d895eca27f2048b0a919",
  "wiki-digit-sum": "8885eef604935d332830e2e6a8464cfc58825512e22fa2cc8d9f83b67742f27b",
  "wiki-divisor-function": "3a0eafb33d56949dbd5698331a882cef39306d9e01abf6a2f4d0a94bc30569dc",
  "wiki-domino-tilings": "063eb21fa2d7fa2b9cddcf75c20c5472232caf0e6e1b12ff6f99d34203e8413e",
  "wiki-eisenstein-integers": "6cb9faae748bc02393a9c6b910fb3b7a3ddd5e5724121d01f18a41e913f91a17",
  "wiki-euler-characteristic": "b71e85c0d9f6fd3a33cfce640bdc984a2605095c212a7132f6ece24cd48cf4a0",
  "wiki-euler-mascheroni-constant": "ce3f2230e1a480c577803a91177ca1874edc9604327dcfd7c853a509ec54a5b1",
  "wiki-eulers-number": "df4cfb8904daf75214e367e64787231816f203ac6fadaf0186478964210e5252",
  "wiki-eulers-totient": "742d09b43270efd815d2ec4738d418ffb43fd32c7534860a0de6a643ecb620e4",
  "wiki-famous-formulas": "5b51c9f7bc4907e61d5dc7f28e9d74a7014525662540cbc00c7e3900989f1b30",
  "wiki-farey-sequence": "d2366f56dfe44d8739eee9ebc574f806a2b0980c7d3ef8f380368148addbe767",
  "wiki-ford-circles": "8f0ea812edd18d2636f4f4f166ac81962c93121ecd6ee319d3b3f380b52be1db",
  "wiki-fractal-dimension": "61aa762c539a091418590ab8ff0532bb504a6c8823daa4d5e8953d4699971b44",
  "wiki-gaussian-integers": "3386d4c66ec7dc982667140fbf670b33a37d5d31d30eb5606a714d7ab15c047a",
  "wiki-goldbach-conjecture": "58e668fa237e77a1a0e99c6729f34b75063b6fdae2d50d565912220eb31d0e9b",
  "wiki-graph-laplacian": "30811fc256dae6fcf19e68796bae987a9ed209c7d7545aa3816c7d81492d869d",
  "wiki-graphs": "9b26bf4a4922bd9f801417c43240f6849a2f55178fa32e04c77ff29742441f52",
  "wiki-greatest-common-divisor": "57a43f185619d2b1a7d33b325362251c09aae19f4cf3d7d2367036a9b86ced05",
  "wiki-horocycle-flow": "71b8dd95fd71dcdd76cdb2b10fc6b9c9ea48032f32d61a3b73e46b2bb7a00608",
  "wiki-kronecker-product": "5b5fbf57473a1ba6be0935d0b5ac9b2565b3ff71b35e42e5536cfd993a904b85",
  "wiki-kummers-theorem": "2fc7383a84b51c2a4709b7fffd93aa84db407df1cb6674f02bf9f214a33050bf",
  "wiki-leibniz-series": "bf93b8e811374c2b7bbb62ba4dc52cfb6f2d3d55a7f328669a5fc883c558e547",
  "wiki-mahler-measure": "ab427449bb7c55ab2508f3d0eb4a7f4bcc6c227a38225fed80213eedc02b8ff3",
  "wiki-menger-sponge": "faf8726deb042c064464de9b49ee46a15ba677d21e0765d62dc6059756f5bc07",
  "wiki-mertens-function": "1d9a4150f28eee3fb4802feb88a5a02538f62067b2663534be6c2b16c727a143",
  "wiki-minkowski-content": "b75e4bae0ef29e5e7e7c7b755e9668ea88fd7cd38d2f221997976750cb4448ad",
  "wiki-missing-digit-numbers": "12295e39c8b3f57da1f6d9ec2dac1bfc6b080566292b17d0a93b78ce3bde2f7e",
  "wiki-mobius-function": "6e97389900106dcbbb5eff0d56344f434e25eaca2bae96e4b2a2aa505a02e8de",
  "wiki-moire": "4df6d4fcd5034a03ba706cb691296a159240b1584898d1dcaa199e9cf4882557",
  "wiki-nodal-domains": "75049f2552b4aff1b69c58918f38ff43ed1f150fcc47aad23ba3e74abc999fbe",
  "wiki-parity": "254d9fa70cbebb2cde6bc364afe20f67cd4f7d8fea6efd076b0de688b24d0c71",
  "wiki-pascals-triangle": "6fdb09eb566d88e61cec788d40ecdb5c112cac8e5b6d8f98f2036d23c85de03b",
  "wiki-prime-counting-function": "a41dcddd2792061dfc54f25eb77d06ac354b05ccfa5288079a6a709a979ce2ba",
  "wiki-prime-numbers": "05fbc61579260c6fbbeb451ea1cd716b44418e6fd71a95e6aed9fbc9aec6dfc5",
  "wiki-rajchman-measure": "d059a14995d92fff780fef1211ee7c00d2b5623cdf46c67d6b7e2ed322079c1c",
  "wiki-random-walk": "369b8204be9b5dae7d4cf9e6f77a20c9d1f438f3f0582fa04dd996c9bc6f0b44",
  "wiki-rep-tiles": "cbab28104034b60d36a3b1a802668e0a6e5f4e80ccacc0722378cbf8f185fd79",
  "wiki-riemann-zeta-function": "220e5f2ae08e58c1af85f1e8e14f6d23ee7b813fca80e2286d6b83f9010dd231",
  "wiki-sierpinski-carpet": "9c49a189c477b539c1fa6a665562a92e6fe0bf41cf187e8fd8d8d080c93ce2e6",
  "wiki-space-filling-curve": "146c4ff0a6e7306652439123c4887239f881b84ecc40314c7959526f9bf468db",
  "wiki-spectral-radius": "70f5fdf77fdaf3646076c4f9dd945788d1bf77ac1be2810cc3cea64e8a7088d1",
  "wiki-spirograph": "f5a995c39dd979f8877846d56bbe5812194084761c9c1ad2248307dc0d129cc6",
  "wiki-stern-diatomic-sequence": "c74fdd56db10db15ca6a0548b4185a8108afd572f0e918ed2d9b427d720b4588",
  "wiki-subshift-of-finite-type": "c1f7d9b9984f30b14b86ef66acd981a60c0bc97975f35cf875985d405a227969",
  "wiki-substitution-tiling": "9b0d60a5a9ea92a2f27700f3c3f5fc0de262dbcab14f6d2f21e8c6e882840f12",
  "wiki-thue-morse-sequence": "dd2b7490f645b9809122643d58c9cbc4bd459169375514f1b5ef487eedc55391",
  "wiki-transfer-matrix": "c66a3eb3ee0d7582b852d756e3d7ddda2af75c66a03f0d2e88363257cc27109a",
  "wiki-truchet-tiles": "679a011666aa49e497fedf35052c19a135c304302fa0f8c4fa4ae230c26242b6",
  "wiki-ulam-spiral": "79343d71b5b89a518c17d315986e8e7c2b4dd9ca25c730fe30126d0f9382f5f0",
  "wiki-visible-lattice-points": "03b35a9085829311398dcb19c26e62e6b3cebb1b21a2ee7654d846a0f0844973",
  "wiki-wallis-product": "3ab7c04b4877959efd1147a16b67bb55a7037babdaaffd4527f4d6c21fd8536d",
  "wiki-wallis-sieve": "d38a8fb751aa5f70a97ef4e72625fb0e3544a3399214cfbf6ef51748df1d7964",
  "wiki-wang-tiles": "2f4e444fba6befeb54c0c272e1e3897be15f5f12abd4484ecf19951469c6fb5e"
}
