{
  "app-julia": "4a22687a9e04353e20d54f973b43551ff1a5ad636b2937fd448b3616b74c859e",
  "app-lightspeed": "0995fd144319880fb63db37892cb558ee5b51a936aabd1866d87c9c491d3fd09",
  "app-mandelbrot": "f457f768d0ee29395ecd93e890fc5d44a27c6c676216ef3869f55ecded4b9611",
  "app-matrix": "983732a5b0aff53c2afea96b15504f3eef8d1bd31fcaea8faf496c99d1f7e0da",
  "app-settings": "dcf53aa9817c5553e153bed959744de40fda3a192e24a64e5d91273b5d1d200b",
  "app-sleep": "57a3a5890e3e7fad931b11c6ea521bd5e89d6d9744a85789e846d9472bcbe2f0",
  "app-snake": "e5c6cc66f84c81496626a894b6f8654c0b137ab93da64e5406d036cd852f0864",
  "bases-fig": {"key": "ed258c775eb09622690353b7e1d609b3fd246605ad088c77a40a807c501ad755", "files": ["bases-fig.png", "bases-fig.webp"]},
  "blog-launching-mrlyprod-org": "5658d2af3b9f65a010d0da46e46579769066359680171eaf0d590bfa71863bb1",
  "cuts-fig": {"key": "e62a101e1ad8ab3182d93473cb804aac206c81e5d6695200ededc9ebd935da0d", "files": ["cuts-fig.png", "cuts-fig.webp"]},
  "demo-apollonian": "3e6360283840b7202354245f211fd1671f2f071ca951fd3926887a22f7960185",
  "demo-arcs": "6f3bb82113c76afb2350afe8e221adebf09a682f06c8405c5f93a0cd7ee8a29f",
  "demo-arrays": "82a4f6eff63dc6c187d951f1b228547e5855d3d43113454975f7e43097cc1e59",
  "demo-carry": "7ea1074191a8ee12079f7b6b923797233ebe31b84790b33c2e133b667eb2ca1f",
  "demo-chladni": "8aa84e9afc7234811a7279a089caa4d60707518535a883668752cf84b580f09e",
  "demo-crop": "59509b4b60e8df54437893aa1b45b01a7d6e29526c11f8a595106aea91f4ae94",
  "demo-cuts": "c2bde66b41868c36685122073e76ec45eb721ef5a24064f26a98a7705dbe12e7",
  "demo-dissection": "9a96bb031a0a4c041051072aaaadb7db080630221e6eeb3f1b976d35bdb1dccd",
  "demo-echo": "b18144c248caf236ec5011d5bc7b67a7d86bc62200e55ec365405c358f95aa70",
  "demo-font": "e1b0b3ae7c8b30e517c7812125677afbbefecc6ac795b8dad145ae37bbe15ef1",
  "demo-gaussian": "90fcaba5eca56708809fb573bdea34f1efd1a826c45619d134f35fc0f6c04064",
  "demo-graphs": "c06be6c034c13ef556f6bbd84de25c4693e1b5f425f33547d52c22ef99ae31ae",
  "demo-integers": "a536cf08d6ca8513a0883be1a2b7d2e563c6cb6d5a7b8c557079e632b8585087",
  "demo-kummer": "8d2d665f30bd8a108b1509995106a6964910d493157ff44ce2e764f4972d3ba1",
  "demo-life": "21236b317679aaf6bb7209073ec85f557af2234aefeb8a6c0807ff650855234e",
  "demo-memory": "b0acd6d59e142876bd7a5253ae7b03e95e619c1f7aad34e5e6abebffb5e591f9",
  "demo-minkowski": "c965576b4a20ee7c1892c47b331c851beb1913820fb22281a6ed6d24bfc552c2",
  "demo-modes": "f18a87f1ec65ecb1df93896b4d7daf4ef0099ba4a73b8605b330cf11e8588a57",
  "demo-moire": "c1655d2547466b76be8ba340a2584a1353e60091f5ab38392aa4d871237a9ed5",
  "demo-morse": "7c70929f7943f577aec9c6d646aa3310ae2781b1d5efb1488bf513cd214fbf73",
  "demo-mrlylife": "1c7dfb775305d994b70b713f660adacbfa38afbf4f695c371dd9bf392d4561b3",
  "demo-novelty": "9de9b687fbd47609487a19538c8f757ee913efba017535ee5cbe847d2ea2e596",
  "demo-plot": "693dba99a344d72d68b2c6f87e39dd51690e7ca6a5b3e00f25eac8c0dee24e01",
  "demo-primes": "90dda2619f5a35005c09515d6e472832e3bffaa516f7a0783645d373e9b3fa3c",
  "demo-race": "830a09c61dcee68229d2dc2f6b8fe827b57a61096ef78dd331d7c16f03d53af4",
  "demo-radial": "8daab3de96f880531ac86f33b95951397e950f99eb731f4e001ff55dd62d700b",
  "demo-radix": "c0ea44f4903e30a6788074457e35c998b8ace73b6d49708561ef65974917595e",
  "demo-sequences": "bc36d980f0e79f6a131edea48f6c44b540e807604bc1cd1c96ef4443be7c76ad",
  "demo-shell": "aea99183dec5cfce1391bc6c27aaa36811be2f68782e34150fe02506b4229148",
  "demo-slices": "06d02e014264ee44c45a90d971f880ca2515d6c022d4da3988c9ac002ad19b56",
  "demo-snail": "87a3395ef6e873092d7dfac08f595b01a8ddb2ae70a1d40002d5a545415e4bf8",
  "demo-spectra": "b656a799d47aca0d4613bcca9f4b2664230295b7e2937d202686178f92dee525",
  "demo-spectrometer": "ee7c7ae0afd7d07bcaf4e7980947388a98352c10b0a8aca75ce1b5af1ee20be5",
  "demo-spin": "7673f40eccff8d1091bec0b7b7b077c441d74c33320d454aef9de38745f170e0",
  "demo-spirograph": "9b59b4c7c4693da029e31fceea6c28828d15ebdb7a7ad8c0a43b539510437cd0",
  "demo-sponge": "a60ba4b4960f870454fec64eda350ac749fa8c5cec7c98342a0ca0fbb737c2b7",
  "demo-staircase": "52160970f29f6b15d3a4a172783083bb492db033cd36f1ac78fe946ec3344003",
  "demo-star": "7bd6e57e6aa79d8ede348e5c2ebb4738e6d64e7d573be916c4f885442e9e5794",
  "demo-sumset": "5af176f391a20e26eaab34945051fffc1601afe795f5ea90b555beb7cd247b3b",
  "demo-tile": "c35c1e0f47695bbcc603e5476551c8db76e71ea4054c796565f64d885ae3a757",
  "demo-tour": "4de8338674705e53dd80c35b7fbcf4d2c80830351750f9d028749c815225efbe",
  "demo-tourbillon": "52ef679141e78c0efd962debcf7450d04402954c10941146b8160f4a4fbb7400",
  "demo-tower": "ba443f6948c1a0b2bc5e919d37b7ec2ca07043e88196475b9b9fccbe8e46ff0a",
  "demo-tube": "f3e87764fefb7b7de600a451df4753609ad426b28346b9f30c89b333472fd77b",
  "demo-ulam": "ab32bcdfbdcc2274207133b281c6825944747cd60646ba9d33f3d95f6e4acfa8",
  "demo-universe": "7a331d081caf13c76f8d7767f9cac6c195ae6de6f587ca70a6264a53214357f4",
  "demo-volume": "cc1397b6b64d9a4ffeb37f4197a119e26c15926455570cb2fd9b670da261a136",
  "demo-weights": "033c9cff6ccf42a86ae4a07804d7036514f04f4ac9964b20ee32a50f9473e09a",
  "demo-wolfram": "171af3d71cafc3e244a4607cc4793a52c042bc74f807fc2cd165aa5f0c90ce79",
  "demo-words": "54728dc0b8a3c0cf1fff51263f883985e52ca839e71b2afceb218a235d5e7b28",
  "demo-zeta": "12bd0745d2756110b83e5d4ef864fa44f7d94e10814a7f6a4345d9a6b9785467",
  "moire-local-limit": "7277408abb8ea32fe58c3ba4742326f24c7b4ff7f77590aee8a23773d6296373",
  "paper-component-exponent-of-kronecker-words": "defd51157b4627c4085e40fca210de7a90e8df62d76f4a9282a2e0f5ef4985df",
  "paper-coprime-density-above-dimension-one": "e01403c44e933c7d2cab3676a596031cddd6020ee3b0b2b69ac94c4336924c7c",
  "paper-design-dirichlet-inverse": "fd121cbcb8ea8b1afca83de68b5a33b6f7f1580634e18c9c98c28d44d82fb67f",
  "paper-digit-sum-twist-power-saving": "e20e57598c343546d9aa74c4491f8e88ef64639de560c53cfda5bea0e3c9b55b",
  "paper-divisor-avatars": "8f5aed04c068c051aaa961027c7564f38686132eeea1a35fe386677078d0c900",
  "paper-erdos-125-upper-density": "ceeea3349823516b683c21e0d3124e9757ecdd6ce131f2b4b034862ae1e773c7",
  "paper-first-base-below-a-quarter": "7129d00ae609a53e797541cca8373b0fb731f3ab3a1264c21932937d84d9bdee",
  "paper-fractal-array-fragility": "d4c9665e26a89e72023627342534b5c9e1a9f183ce11f74084776016181ec2ac",
  "paper-franel-converse": "77ce14988845ab3f23fb7c09424344e2e6a974b03b46bc865170758d0d8711b2",
  "paper-gasket-ray-machine": "2eb2b92d3982e89bf838103099935072edcba5ff5b16463d8eab1d2dff925ece",
  "paper-half-interval-mobius": "91256245930bd39df7292299332018e03ba608e241e9f86a3fe0a44ea2f258a2",
  "paper-lemma-b-pincer": "ab5f788dbcabf3f0f63c23cdffe3909a85b1f9f1828b83d466c895d9c4656450",
  "paper-menger-pairwise-coprimality": "0d77969f3d167db67bd1a654b96074bf5607ad64aecb00654c1f80b4be21744e",
  "paper-moire-correlation-laws": "6b62d69ff0a610e09cfe0142bc7f977f3a6d43cc0361a362c25f30b728b52a5c",
  "paper-novelty-meter": "8a943dfb95816a3a0296d959a854d28af75a4949cc58367170214a0e3182cf5a",
  "paper-order-sensitivity-of-kronecker-words": "82b8fe227a48a2d26f9c45b8adeeaad99664d99ca66338aa0d1fe95fbda6f8f3",
  "paper-sequence-census": "b7dcf5b09c8a37f6b3370616d1219c2bb66b1c2f4773fbd7e1698837c5f75ca9",
  "paper-slice-recurrence-order": "b8f7116740808e1b783f84b228dddf6f3fad20de3f0be66f79cfa347e285791a",
  "paper-slice-sign-even-half": "0fc0e7264fc4456a2f30440769cc27ad6ee916e482cb094af47f46ec0c55d498",
  "paper-sparse-mertens-under-grh": "5ae9ef97f2f0211feb91204f6f964b31ff5666cf46e5ff2b74dcc29437634f3e",
  "paper-spectral-tiling-levels": "6c71d0e93600973e72d0e2d119b9d399ade6c1aacebb8721b664417f198a5bb3",
  "paper-spin-harmonics": "687a9760d6ffa0c1400ac5c9f1e654b41b45394900af04fd71a24ad5330f10ee",
  "paper-spin-harmonics-homometric": {"key": "10b50b16e6988d362306a831248d1d2092ba62f3246192bbee8d61b54745781d", "files": ["paper-spin-harmonics-homometric.png", "paper-spin-harmonics-homometric.webp"]},
  "paper-sponge-measurability": "b068d4e4461b130d9ea6b75c9eb50dad04c9e00195dd18c9af82f9a681bd515b",
  "paper-unconditional-mertens-at-large-base": "9d619c36088d35f77b9430ab0449523831dd166f49f5315ccdb3532f054be707",
  "paper-walsh-spectrometer": "ab83cba61d3bd54721ef4cd7f0be5755e692457003d0876e2143599eb75f4bb0",
  "research-adjacent": "8568cd5095e903bba34313fc3f628e0c56ab0aa69a286654c88769c17768c38f",
  "research-apollonian": "b7e975611ee07aca081abd21f721457d721c22752d3a6bcb29ea442c55ed1adc",
  "research-arcs": "09f0efdb1ef639a53f872de3db62b881ce5b1f9b8cd4f658e4cab41a37340838",
  "research-arrays": "316505ddc0abb123999a016cdad5c9330afcc85f0478a1674bc5db3a48884e4e",
  "research-automata": "36998a58750255d663fc12446ff3bc495db9fb09418242d59a8dda30859da5eb",
  "research-bases": "8c50820a684da27653fcb9b1db90fcd644d4d02565ccb0c91ee884feb6de272a",
  "research-beneath": "aa8beae1b24c502747eea5bee78285bca216004cd3f02e21f6f3f4ee5dd9f348",
  "research-bijection": "db343fe200b90156c6dce475c91cb109f66e2b3433c267ecc12b5e02c48a5487",
  "research-cobham": "a47bbd02510c1d7d28cc27d97e08d6d1cfcc1822d6b8865a6678d21c855a39ec",
  "research-complexity": "d2f3a18f5492d67216c080fb7ba5314a4f7422f8b1146add80bcb0cd358f6523",
  "research-connectivity": "c15afdb30c79a5cfaa6e9ed1bc326ccdbccf1b910d566bae03204b84be9d5dfb",
  "research-coprime": "4ff6cb339deac2db47b74fe1d66a283dd72dd4129735d3111b5c7dea8f3a95b5",
  "research-core": "5e3a7e3fcadbc82a958f713f4ab0f09546aa5bb1f1667244f909663afc39b279",
  "research-crop": "92c2fae365b2dd6dba3b888b5ad52e6ff47068cd2997697d3bc3a31058486a4d",
  "research-cuts": "b0c518c47feb4c279f9cb520a40171d558b21d70c7c420a82786243e47e35849",
  "research-dilations": "eda2a6c5eac49e107b0e95bd2e9a1d37b7834841e64ef6aa9c5033f4c0733fc0",
  "research-dimensions": "8dcf4c6af23b93a5660b7cfa41b0074cd02a7c5377a7882af125dc76e391e34d",
  "research-dimers": "f16b428418a033b78ce6de1fb8af08368c1f4ef0bbb5a56d22a2360e24105c78",
  "research-erdos": "56a88784e5c3c42f56df6c7d7911ccaf34e73374882b0665f7124eac06613694",
  "research-farey": "7ddad5b6c0b6d4c745f1e0427d87f34ee3450d554e79442561ded6f00e7610e4",
  "research-franel": "fc21fe9ee9b259025a0585672609242b7546798d97b221669c8da12d2b2780f4",
  "research-gelfond": "90453acf8aa6c844c1af5458901dcdf6ea43466191309beb640016d973315696",
  "research-hexagon": "9f9ea7c47685fe06affaa4fb15eedc69a55b3701025f5bc0e7bdad8fe6480ec1",
  "research-index": "3da7c4108caed7ca49dee1ebbbbe0bf7794aeb2b52d413840337d8377db804bb",
  "research-information": "2abcc9fdc402f4f74b83bb576ecca2b0686761c86cd250a84cdfe768674248f8",
  "research-integers": "7ef25c8765d4ca77897bc63d828a8fa4636585f71bf117a29fcc4569bde81132",
  "research-kummer": "acd93f6b8bf460b9d2e7df46a91611fa7cfe0c42cd5199f08a943239b10f8136",
  "research-magic": "8264c80f26d682ea882e3214b921c88c701ab9bf57d1adbdf2c869bb1d1a5e58",
  "research-method": "72a779e12baf73fc947388de70277d758923415f6a913d333619495f82d8cfab",
  "research-mobius": "afc53afd9fccc738e258fba7776e1492cf3c7fccda66039224c8d3d9f1154181",
  "research-multilayers": "593e8366afb4b8ab1d77af170f32de579dff9c224317f3c9fea1238ccab96289",
  "research-pi": "1a5920241af852a37b404c7c24544df3ebf3de396e7b387f874fba6cd591fd27",
  "research-sequences": "02ffa8dd881b9e9c57638edf706689de43e48b1835c9c1b6f93007581b9e32a0",
  "research-slices": "39d052fd020b838c5fbe9e64fdcec185f73f1b9d37db6260099a09e85c76b9a5",
  "research-spectra": "0e7a10f9cfa2a5659c6b106dc106287c91580a1df9b1529708a45256edc621f8",
  "research-spin": "4c018697e9c7125ccfa879ff9017b2e9ec3084d5134170c4cfe9abd6bb616086",
  "research-spirograph": "3433536c944250c79bbb605551d1fb95e706e30336a80e73abe12703da804bea",
  "research-stack": "8bee769bcc90a87724061134b2d31b87bc3dd4e022776a3b8812531e8c2f08df",
  "research-tilings": "56a88586f6a828015619e686df82f9bc18022a8d507982e9fee9351fee0a9209",
  "research-toolpaths": "29aca4f09f483b673c0483fd9357476d19e0f8c34178fc4f60dcbbff2b50d7c8",
  "research-walks": "2e8b1aeae8c71cabc5ca89d89bc28bfc9c52a2087c97bfa44008e44f0adca9e0",
  "research-weights": "54fd4df4c59eb0f7db75dda0c508235f0ef7c7cadd03559a361ad063767189c8",
  "research-windows": "0aad57986cccce5d2ed5a0c97595b2757b3558c2360dba5bdc54490631aa2ad7",
  "research-zeta": "b0baa9ae689b5273734c04b9a3fc2bfea9179eadf86242b14cd3dc2fd7fe945a",
  "site-apps": "9789de94ac837f53664265c71398e599aaa15e9fe06ebef34e6cc89136fb16a8",
  "site-blog": "772faeb2a3482c40d3cdfab96278dc3b87d4248cc0d0dd7727a2c78d13a5569f",
  "site-cart": "d6aad88a68e60237e77788c252cfe3451fcf779ff05d826f1efbe5c99bc15e9b",
  "site-claims": "71ed063f15c2198c760d11631169eac90739457d74ed4e86a27ab36907a672e3",
  "site-code": "036e2afa3dfe36fa78428d415f0769867338fcdddab57610358cb80dee4db18c",
  "site-contact": "50f6914211fd4e4353933fb5d9d650b00fd89ddbb8d4714a34cf91d1fda1c306",
  "site-demos": "d5a8b02df01785223a10ec28f70e6aa12f29cea0addffebf4c45c5a7ebd7a867",
  "site-donate": "487a380ce3336216cb9195eec612d0aad56d92a6535fcf3674db580dd7f48107",
  "site-elsewhere": "61cf8e2f00d241c99fae84fb90c840a11bd3f2039c5a05b63b42732d4ebb11d6",
  "site-home": "0b880d2b95fe66573502dd459589d039eae775d78a413a4a34fe58610aa18076",
  "site-icon": "e3d479ecba77b766e89bbe7f2ac1469795b3d7d1d05430f305bb11fc367b6e5b",
  "site-math": "937d01a5d263404bdf1d972702ffb7937c74c85e400253a3345fbbaa7a37e8ad",
  "site-menu": "d5517900fe4b66363520805d0f3c23ead6c14579d59477a338f8630d88cd3ec7",
  "site-method": "1f7e4170a13bf3ac52cc8e7c50956c16fe72e1663e701e7453e50e1b367d710c",
  "site-notes": "49ae04c3bf49b521548cccb4f91ed19633b721327a563986cf9f7340898f36c5",
  "site-og": "876626c90f253909e9150a885a7c7bf972aa0a3d3f53721dd94c56fb5583cbca",
  "site-page": "9a52fd7f4f2ec5b4d5728d7d9ae950d2bda147f5fb06f1144205ce8976682e56",
  "site-pages": "f06e9a3476f475d1bedbe29a0cbadb7911cefd90caae1223e41acab38a58bcc7",
  "site-papers": "628cf01e46f4cc44400330231000351410ea3989ad4e67d38ab14c9178174091",
  "site-research": "3cbde5c44664b37216c81db8451083fcfdc0544a8c21c134607775d8bc3b6fed",
  "site-research-folder": "390f1097eb1d6765e4e053f5deb0c9b681a85a3e4a09e28d3a8bdd7d511fbaa3",
  "site-root": "11e9303c6c75344cb7c0db89f41b16b37c904418963e1b9d29f1716ea02e5750",
  "site-stats": "e922a7d20a51c03dea01c409f96ade009457837937862b1a99cbc469bb3b50dd",
  "site-wiki": "6485a6778c96af910aff9e7c3aee73e5038ab1f56349fe1a35938423d1454820",
  "walks-fig": {"key": "fdbf9792832936a1d8e6916a92ae9ac7da458a1691537fcbbc0e11e528703e91", "files": ["walks-fig.png", "walks-fig.webp"]},
  "wiki-basel-problem": "670f4e3e873917f1574c945774e7933ab09394c65ea9bd9c064869df7f2d7daa",
  "wiki-beurling-generalized-primes": "5d3bd2429a17cdc7aa9e025710308735101078a8551ddad1ef9807f46411c884",
  "wiki-burnsides-lemma": "3fd9d2060a95b815466539767ed04188f7d47c22214c56a4531f6ecc98793ca6",
  "wiki-cantor-set": "523190114b9c37de0c6c9a26b04eb9116070a9de16eebc9f998863fd97af096c",
  "wiki-cellular-automaton": "4d94912545f887007eb6a74c98d394e6a5156786477ec3539e25b308edfb39bd",
  "wiki-difference-coarray": "a1a21ca38a1276c20de1044be1401ccf228a09d0d1ec9395a0c23d37e895ba87",
  "wiki-digit-sum": "8885eef604935d332830e2e6a8464cfc58825512e22fa2cc8d9f83b67742f27b",
  "wiki-divisor-function": "9cfe29efa6cb3e851cfaeba8e873b0a7847c79d4c019c3cf0d3e7af19d3e783d",
  "wiki-domino-tilings": "063eb21fa2d7fa2b9cddcf75c20c5472232caf0e6e1b12ff6f99d34203e8413e",
  "wiki-eisenstein-integers": "3a3746a1f99dc961e5b06e6d1d6c4edc2821cb80618295885cf7fa50fa1a8961",
  "wiki-euler-characteristic": "b71e85c0d9f6fd3a33cfce640bdc984a2605095c212a7132f6ece24cd48cf4a0",
  "wiki-euler-mascheroni-constant": "284bf397872fb660c1a3269dd5d71e2e05666bd1097a64702518394d5c5c12b9",
  "wiki-eulers-number": "606184cc03b6660a37632f8a2763ecf7f8ddf899ba08fd0c1ae648b3fd554593",
  "wiki-eulers-totient": "3b71dd20caf2fc4b961f76c5d521082d2fb9bbea1230a18bc6ec54ae07435080",
  "wiki-famous-formulas": "2f0837d73dbc2dfe34ae8992dff9e7866f8f294adbec504a9590999087eefb18",
  "wiki-farey-sequence": "a092131c38c9e8b42d59a6d19f3ee0e2be829238810a6e1e39b7554440f472b3",
  "wiki-ford-circles": "c0840628d956794fd199057e2237f6eb1aa106bfa95d049b1eb42c48eba72552",
  "wiki-fractal-dimension": "61aa762c539a091418590ab8ff0532bb504a6c8823daa4d5e8953d4699971b44",
  "wiki-gaussian-integers": "d1cafb8b45bd2c0b29f484b42060f7de57b40387cbd150ee4f15bd6509800246",
  "wiki-goldbach-conjecture": "be877572855546a3058d0ef2c0a946f96fd3dae5310702c90ab4a50631646cb3",
  "wiki-graph-laplacian": "30811fc256dae6fcf19e68796bae987a9ed209c7d7545aa3816c7d81492d869d",
  "wiki-graphs": "9b26bf4a4922bd9f801417c43240f6849a2f55178fa32e04c77ff29742441f52",
  "wiki-greatest-common-divisor": "2251f509f2b9bc5bba2d60bcdf8b4ff27b3554703daa39101870e868b8484366",
  "wiki-horocycle-flow": "71b8dd95fd71dcdd76cdb2b10fc6b9c9ea48032f32d61a3b73e46b2bb7a00608",
  "wiki-kronecker-product": "5b5fbf57473a1ba6be0935d0b5ac9b2565b3ff71b35e42e5536cfd993a904b85",
  "wiki-kummers-theorem": "2fc7383a84b51c2a4709b7fffd93aa84db407df1cb6674f02bf9f214a33050bf",
  "wiki-leibniz-series": "fb123fff98233a0c4c4c2ca9d7df9c1adff28da8208c44e6c1a8b794af598ecf",
  "wiki-mahler-measure": "ab427449bb7c55ab2508f3d0eb4a7f4bcc6c227a38225fed80213eedc02b8ff3",
  "wiki-menger-sponge": "faf8726deb042c064464de9b49ee46a15ba677d21e0765d62dc6059756f5bc07",
  "wiki-mertens-function": "108577d47dce0ad2afe29dc700c8d5b8a8637c5689e33dabc799431c8bf3cec0",
  "wiki-minkowski-content": "b75e4bae0ef29e5e7e7c7b755e9668ea88fd7cd38d2f221997976750cb4448ad",
  "wiki-missing-digit-numbers": "900b46029ec8dee093f4b1ab426d5fd4f894d7c897fc1cbdca12a50483d7f83c",
  "wiki-mobius-function": "b9021694b6a3c1fd63066464892d5d9488faa3a2cfa1d5b3e16146e634b87ab4",
  "wiki-moire": "098b866189d1e8ae2200c03fb27eb275b9acda93f6dfcace7d5bf6e02ef6b72f",
  "wiki-nodal-domains": "75049f2552b4aff1b69c58918f38ff43ed1f150fcc47aad23ba3e74abc999fbe",
  "wiki-parity": "254d9fa70cbebb2cde6bc364afe20f67cd4f7d8fea6efd076b0de688b24d0c71",
  "wiki-pascals-triangle": "6fdb09eb566d88e61cec788d40ecdb5c112cac8e5b6d8f98f2036d23c85de03b",
  "wiki-prime-counting-function": "bddb419dd61efb8e8df529af72c12d097d7dc80bac0ddd2ed4fef7f248955935",
  "wiki-prime-numbers": "35cb11a65f2d2fec08aa13fee0d80309b08e0a29cd499ed06e1afb4b5abe5892",
  "wiki-rajchman-measure": "d059a14995d92fff780fef1211ee7c00d2b5623cdf46c67d6b7e2ed322079c1c",
  "wiki-random-walk": "369b8204be9b5dae7d4cf9e6f77a20c9d1f438f3f0582fa04dd996c9bc6f0b44",
  "wiki-rep-tiles": "cbab28104034b60d36a3b1a802668e0a6e5f4e80ccacc0722378cbf8f185fd79",
  "wiki-riemann-zeta-function": "113369c184797faf43000293d882aaaa654db42670b8917b5a0a311cb67fd39d",
  "wiki-sierpinski-carpet": "9c49a189c477b539c1fa6a665562a92e6fe0bf41cf187e8fd8d8d080c93ce2e6",
  "wiki-space-filling-curve": "146c4ff0a6e7306652439123c4887239f881b84ecc40314c7959526f9bf468db",
  "wiki-spectral-radius": "70f5fdf77fdaf3646076c4f9dd945788d1bf77ac1be2810cc3cea64e8a7088d1",
  "wiki-spirograph": "f5a995c39dd979f8877846d56bbe5812194084761c9c1ad2248307dc0d129cc6",
  "wiki-stern-diatomic-sequence": "c74fdd56db10db15ca6a0548b4185a8108afd572f0e918ed2d9b427d720b4588",
  "wiki-subshift-of-finite-type": "20159fe894faf16edd8ffc91965a4222edacbd1eab2ec2e776afc2849f58b77b",
  "wiki-substitution-tiling": "9b0d60a5a9ea92a2f27700f3c3f5fc0de262dbcab14f6d2f21e8c6e882840f12",
  "wiki-thue-morse-sequence": "41357373287f500fa1c10c820405070670170d8f9be28995400553498a162f1d",
  "wiki-transfer-matrix": "c66a3eb3ee0d7582b852d756e3d7ddda2af75c66a03f0d2e88363257cc27109a",
  "wiki-truchet-tiles": "679a011666aa49e497fedf35052c19a135c304302fa0f8c4fa4ae230c26242b6",
  "wiki-ulam-spiral": "ba9ca12cf88804f46d7eb8b8c9fab6b1d3be70fc44fc93606ce221deefe19169",
  "wiki-visible-lattice-points": "b45d02b855f269f5d2776060fde82e35b80fb2dbe13bdd8736d638e7a721ea8f",
  "wiki-wallis-product": "4b7c7428a22044b25337a1991da9a8d0b44381bc2efac3b8cbe03e14eb47eda6",
  "wiki-wallis-sieve": "2542723c198bf848710620900780954499d79ef2f600143c872513fffdc0c713",
  "wiki-wang-tiles": "2f4e444fba6befeb54c0c272e1e3897be15f5f12abd4484ecf19951469c6fb5e"
}
