{
  "bases-fig": {"key": "ed258c775eb09622690353b7e1d609b3fd246605ad088c77a40a807c501ad755", "files": ["bases-fig.png", "bases-fig.webp"]},
  "blog-launching-mrlyprod-org": "b0b1c6090e17bfe23444a3c68b92e7be8067377f8c5b9134a4832290df24da97",
  "cuts-fig": {"key": "e62a101e1ad8ab3182d93473cb804aac206c81e5d6695200ededc9ebd935da0d", "files": ["cuts-fig.png", "cuts-fig.webp"]},
  "demo-apollonian": "4171f5d1c65ab722215ebf774882c55faa8a3f303bb60f4b54e1a3b32e4220a3",
  "demo-arcs": "ca6f03649067773ae3ac085202fec20519f1282c5350eb47d5a5c6b2af8ca25b",
  "demo-arrays": "c48078b73a598418abe7fef83117ff6e0a8969ce0f7f73ccc4da44ed519cbae5",
  "demo-carry": "138057b4b64bf56176563d50183e23707c072b2dfc4afbd671f36f9df387447c",
  "demo-chladni": "abb2c6a60d652be39c5adfb32649a41d87e86c85c6483a901d7df873c5f831ca",
  "demo-crop": "eeaf13e1d2ac7fcb8703e4aaa7fdcca0900881fc00ee15c911c175b3e3e4202b",
  "demo-cuts": "ade613cacc6be42acbc98766a85f2319d3bdba93c1335b9fecd961623bc142f5",
  "demo-dissection": "4b3fb5cd65e3d6315048631fd5ca693eeaf3e9d274166cdef483c754ba2c51cd",
  "demo-echo": "9e352c0b6654ea8ebc2ced8ed9f428359c9c0dc48a26923c5cdb3a8866e91cfe",
  "demo-font": "f3d24eed23d6718525cb099512f4581228f9a3d18c90c89db740e3944795180c",
  "demo-gaussian": "9aa20696ace6343817d5b7cd4a5bcd2c56a572d86d2d6812d7723fb2ceba5fae",
  "demo-graphs": "04add2c0bf5cce6cb12a026323080fe4495ec935d4a58c39b25d80a4f76358ff",
  "demo-integers": "1159da1f5873fe05bd51ba69e35471dc97a89ffc1e3db3c09c30bad19dfb4eba",
  "demo-kummer": "e82e11eee14b92136defb2098bb8932ba13787b80dbb5e1e0de7d9c2b7def090",
  "demo-life": "c78646d3a34fd07a8722518056c131de08a8e99e92d6fb42877f851eb4e8e486",
  "demo-memory": "477839ea97035e50e3d81e1177ae6e54137b876b32122246046a8ded12fa4378",
  "demo-minkowski": "660b2feadddaae58d7697c4b2e5271f35a6b46144365e7a1aecf8c1249c7d73a",
  "demo-modes": "65f35de43cf08558136841568fcf4468ab9ed89a7e8cbaa8c8549590669c084a",
  "demo-moire": "2073fe388c21205a01dc6749412c371112907d9b0e90e0dbdb7af27cb25d8a51",
  "demo-morse": "4f537a914a9c1de879c8f386f71bb8e15fe60b08c815fb347d417a7db9829f44",
  "demo-mrlylife": "6a77aae42115df7876bd9118210f9443f93c444ef006766d306f51fd6fdf9c1c",
  "demo-novelty": "98ddf78342cb34ecbee1605af1359e9248a9c22ab853361f3c4b63971f8d6d71",
  "demo-plot": "abf38864f2c3f591c857744acb7b1e0b83c9de17f051089489d414ecc482b1a2",
  "demo-primes": "2134d1777e004cdf2049abddeab0f8af86f99cfb01b79392468baf8966cf880a",
  "demo-race": "5e7088478c104181bdcdbe9d5638ba14a65534cb1f75a57c208098ba27618a41",
  "demo-radial": "533e19224957fdfb29f7425fe493d46f132eccc955519227220dac703088b9f3",
  "demo-radix": "29a1733f3697fdc6c6668f5c6dfa9308e6f9ca1c5ec845e7c5f133a4b48a4f7a",
  "demo-sequences": "8d2c5230045e97ab921576e6de67bb744477f4dd44828e89a57abe65a972c6a9",
  "demo-shell": "c81017721e23b22dfa912b46c4461d3353763dfc66b39b8a94f3f138ed5afd96",
  "demo-slices": "48bb5c4d620921baf1f035636ae12664bed33c48a2237e42cddd60462e7608ad",
  "demo-snail": "9a54f14778c93e99d82c3f7540c9aed7f9eb89644639347599ae44b72d0558a0",
  "demo-spectra": "736b82cfbfad4c96cfeb68e5ed84549e46b2f9801228377391cc636c3637678b",
  "demo-spectrometer": "7538abf50d34d8e4415cc8fdbd10da45f0fa0545f8a818b8bf74cc8ed9dc813e",
  "demo-spin": "2c92f803be52a62d5bf9ed9abbd57f0fd0001bb1de60deeb936b2c264fc84ca8",
  "demo-spirograph": "e31471c88a1df0d75a9fcbc870b919cc4b8cc01a744caaae8905121859094557",
  "demo-sponge": "d927c8870bbca2348d0b9f836deddd8171fe871830a611b282d3ec926a81aba3",
  "demo-staircase": "c8b0b0931e84b815e3647a641c39dd1fdb31c36c99472cb78e940b0f9e93c7d2",
  "demo-star": "35c18652972f35268c8127c1f0bbb604147101d9d02441ea8a31187f10b7edbd",
  "demo-sumset": "d4f5c730fb76090b4ad0b963dad99baf78f74ccc069d2acf42e49c43ea2632dd",
  "demo-tile": "ad988fc489d5e82de54de0e3c17fed159eef7cd945fe04d116b221282e094b27",
  "demo-tour": "361262dae84e56ca33576f6d98b5ae4b334f4e8563b859262f04e2c81fcd88a2",
  "demo-tourbillon": "e477857a1f02bfefe5d3cbad9457762e85f5aa8343205a60d3abb35f752935e0",
  "demo-tower": "7761db7fbd40a358981acccb730f1ee3ce86df27c94d002390e091eae2739b4c",
  "demo-tube": "bc9c8f9079958f99cf9c49a8f9f1befb2b5027f77c2d327998d3bab3e7f1d3da",
  "demo-ulam": "0cd52b6b2342c319baa7da5d24cb58988f6f9717ccc54bead1ed6f2012573317",
  "demo-universe": "23de88e29951e5b5324d84ca0604e974ad4003f68afdc171cfd4817fb19554cc",
  "demo-volume": "4915be3f64894d8a00d951594193e23a8e7b185de400cfcade3a271f7080b1d6",
  "demo-weights": "e752a978cfc44a83287da4c526b46185a07eecedfa90553ba0fb5cc8fe0aad10",
  "demo-wolfram": "6db6f9837c579778a45b08702b4743652999c2f4ab840331aa15b33894b12e59",
  "demo-words": "9eb8ba5419f60edceb2c644fdb798ac25b98b7dfc038839b59cbe8fc280d5338",
  "demo-zeta": "879094fcfcbb4fc336afdb8fa25de34dea586ba6e91dfe2a310947299c385d6f",
  "moire-local-limit": "fdf57dee443427c5b80d180e166e2f1209d8226798fa913a6de5a27772d092e0",
  "paper-component-exponent-of-kronecker-words": "fedb10b4e0c2588c85965615237f0bf117b4bb1b325cae6a186d1cedc662aeff",
  "paper-coprime-density-above-dimension-one": "d3695faa8f32dc8c696ef4b7452ce3afad773afb3744fd64503c91321d662837",
  "paper-design-dirichlet-inverse": "1d969e7ed17b37cf8a0c47d1118c00727a9cc6c1fd45e780f1879ffa67cf368c",
  "paper-digit-sum-twist-power-saving": "663e190601b963e00231bb888a9e4cbac4b9db07ca6cd1315b6d06736ff2857d",
  "paper-divisor-avatars": "e679c81840c2564bc8192009295d7ec89880b2b24aa9a23a737f6e44553ac32e",
  "paper-erdos-125-upper-density": "8fa655ebe0e32b7f6b764dfcf04ce53f0ed05a445590088fd4c8530e902f3734",
  "paper-first-base-below-a-quarter": "43e66f89e45b3a3a391712ff923a2d79aa9d052839ac7e6e1ce9cc2572483c9f",
  "paper-fractal-array-fragility": "aa16806fc976902a92aca4f025384c7c342dbe2314a8181be463cf9507cf6067",
  "paper-franel-converse": "2860497c5c3cd1ddd64d69d0d21ff3b17e78baaec8a03c7420becb22adc40c28",
  "paper-gasket-ray-machine": "0db799293f232038e6501019cfc6a49b70d153fe1fba715e87be7d4dfc45ed10",
  "paper-half-interval-mobius": "dad0f218b581f99d06eaa894add571d7fdacecfb009c771f8d1194f5f4ade82d",
  "paper-lemma-b-pincer": "c976f391c5e4bbcd4bf56b047dbf3d0166b3a853be072d8335d9e275134b0c14",
  "paper-menger-pairwise-coprimality": "e0fc57248bbb045743e8ffeca2c42067105914024e540c6ad97bed96169c060c",
  "paper-moire-correlation-laws": "fb3830cd4dc22d08d412c0d762008ce61bb807bed7d406109fc89a05c1bc35e8",
  "paper-novelty-meter": "b164d239714fbb33f8466d3f16289583179c8ac1a1c908919dcfdcde92017157",
  "paper-order-sensitivity-of-kronecker-words": "38277253e148b60219036b3fc03d85beed9276d178bb30a832df789a699c4d0c",
  "paper-sequence-census": "97f3b1029876969d3eb6e20f7abcf3d951703b0b3a3684610ee11d4ef0a72d44",
  "paper-slice-recurrence-order": "a9368a69ef28a7dc494e59ba4670762bd5cbeb343deef51989300dc7897b6bae",
  "paper-slice-sign-even-half": "1bd73a75eb351f4085ca5e256e68ca8555c39fb082adcab678d8fcd73d071159",
  "paper-sparse-mertens-under-grh": "5d66deeb8ba3774193abeff5aee1ab10c5251eac616d5e7a06e51ee3eea8df5f",
  "paper-spectral-tiling-levels": "e9b93ca48ca75e7aaaec53e883b3076eef978d1d0bcf76edb24a1cab98c09366",
  "paper-spin-harmonics": "26457b7d17011c1a78616a4f7966272e71356f7f664273d0b21d5e8fbf200867",
  "paper-spin-harmonics-homometric": {"key": "10b50b16e6988d362306a831248d1d2092ba62f3246192bbee8d61b54745781d", "files": ["paper-spin-harmonics-homometric.png", "paper-spin-harmonics-homometric.webp"]},
  "paper-sponge-measurability": "6d05f39bc1e8a1b5783b9d3b0d5466b482e59db5ec9fa254c6189d1c1a9ed58b",
  "paper-unconditional-mertens-at-large-base": "e0693c8b5e47e6b9fabbe5cff5be874701538826c981412a010fc64b5e44c0a4",
  "paper-walsh-spectrometer": "1cc851952cdb3c9838baa416842d66b0a577bdfd4a6a3bf6d4301ad33c92b1d3",
  "research-adjacent": "7f139c0e4485b1f47ff7ed51dea82a6587f6abdcb800d0f3d8000bb5429ef6e3",
  "research-apollonian": "0915d09439966e9b19800b7064d52cebf73d5f6372bf77170d9468d29bff950f",
  "research-arcs": "31fada3b26691796821bb7261a48e453be8f5434ff372a8d23b405a263fe76e4",
  "research-arrays": "b64338816fb3e7051ced2df44421281acbefc4f0914e50ec4a959f9f26b837b9",
  "research-automata": "fe5a42435aa51b0b5bdfa967c0f140a2d1624997ae7e50deb4b3a54329e1640b",
  "research-bases": "4db54a744b47ad840af5f4823f460ff01f56b0400226c16c5575b56cb071f93e",
  "research-beneath": "7eebf39ee1d7a395873658dcbba5e5158f8d9bea3e1a1003d89ccb7806c5237c",
  "research-bijection": "0887af8139df32450cd0b757eb6ea3009e8b144d7c0bdfe16954c3a18c54f001",
  "research-cobham": "754413ba6e42861d290ee7455e679abb45b19143de71092b75fedc244968c919",
  "research-complexity": "e845f979e576fb61c354ea5e15d57cb3b517270198d4c29940f798787af7d566",
  "research-connectivity": "fbcf185c31f3eeff0b4edc2bf0624f2f8de78c11318f64e62a5df02adcd0ffc6",
  "research-coprime": "52e33e57aae0ac273cee147be3bde7b3956d3eeaf5050b4aeafc6799836395ae",
  "research-core": "2657a9fedcf964bb3c477c43f167c2f654cb597b7aee83da76be5cc929f6319c",
  "research-crop": "25e6b43897260dc111bb5ca55c838166f5c3ab524dc887f28eded838bb809705",
  "research-cuts": "2e3abb0107a79ef8ff72350363f51ed11074289f4299b09270c74ff25edd81c1",
  "research-dilations": "e630ee7e29f6132b5852e364fac9e88c2f90e625272456244957861543d90798",
  "research-dimensions": "b84537e8d23630a40bee2f192b4d0c53ed2ad3bb0ef061a95a5db49aadf877d1",
  "research-dimers": "c6d96e10e393afda549fd440b18cba4ce9605ac59f117db5f6289d83a75b5165",
  "research-erdos": "a5908cf6a6de9b1e0f231654f75f65bd7a5cb4b222f3c471868c89bea97d5bb8",
  "research-farey": "5d39f6b095203d2e370ed53ef99d5b57744993f590dcc81280e604b062812cfd",
  "research-franel": "09a219f0a62f410e7b8565e489b7a2990abfd982fe9d0050cb3719cc349641a3",
  "research-gelfond": "8726e26555b4e25eaace206a82874c0b5a7d169566e23742694e86ae9c9ddf9e",
  "research-hexagon": "a5d11815fef370ad998195759e2286feb50e056cff8cf966b16fb22f5398b611",
  "research-index": "b75dbf6668c1eb9c87869083ce71508dfff86de1c75ed9eae6782e775339b018",
  "research-information": "286efc701e7547d70e6b0716c7fef1c0274c3176f6727549df463dcd82334a1d",
  "research-integers": "7b4de25eea12606a3a14bd4c5ecdbbb6f06d235022bfbe55a38572f7d6ffde4b",
  "research-kummer": "6ce12360c524d6c0d625cf3fc030d1a90585f9c3dfb17f4a224317b36f9bff3a",
  "research-magic": "e992ce198c04db92b2926f526478402e52be6d1b376cb15787b664a544e0a278",
  "research-method": "f4a82d697f227c35c12599cf37fc5d2c5401ec77c89d083027dc11ce78bfb26b",
  "research-mobius": "b831aab3bf8f8f745224575d4b03e01378a99085e5660a946475fcab5c442563",
  "research-multilayers": "13a4aaf273ef570aadca34efc44721aca11287766e22c9b8619ff6421e2f363f",
  "research-pi": "ec70da1cab9b961fa46530f7e20b268a08131b75a36eb1b928488378a713a4a6",
  "research-sequences": "5bcea6434b4866604bea4466a1296c4e49a91563ea35d695073256bf8c66c0ec",
  "research-slices": "7fb39eb7ad8f0e7269cbd68813dafa79e61e2cdb94b6aa8068aa84e569bfc41b",
  "research-spectra": "ddcccf0415d6981e619e0e8cae73500bba7fa80e32770e1e8840107fca0e94c0",
  "research-spin": "79f776260a3148ee73ca04647eb4f2461e189035a359dc938300fe2e195359ed",
  "research-spirograph": "583665a4674027265f50a96c988fc972372e4197bdbc2f8e6b55d020569a050b",
  "research-stack": "ac7a5436087068900927820ea7dbcbdb702ae55c9629eb60f506c1415623f302",
  "research-tilings": "c54d883cb4caeecb13d2a06b95ed6e4acdbc95fa1c670ab5283e78c1ad0f6de6",
  "research-toolpaths": "5f3b82f75e1102935d60e8308698ca8d66856bc3f938f0038482d50a1941eff6",
  "research-walks": "3942a5125427ff08028be2376fb67fc3cf8c17a81869d9826d7b8f9b16f1d104",
  "research-weights": "3094b2b3e4d288e7bcf5e22e7e9fec8a2422e7f83b51eb229bc553d4533a3bfc",
  "research-windows": "fef8f0c1d75b3ad82fd2aef4c4b737958f9af6aba25e8765c7db762f5a50fcaa",
  "research-zeta": "0bbd20f0bc4160fba343893f8585129e7efa73c2f04ec94536cddaf50359c553",
  "site-apps": "7f2913129d0aa1697928109ff04cc3d4ab593d484eed879a9cb878919361ce95",
  "site-cart": "46ca7edb6ee5129054b72aa824d03c05f27accfe1cf9eaaee2c6f6d0c292cca2",
  "site-code": "426a90ac998c47d775041e040c23b4d8a5c4653492c4215592779de5f0166ce0",
  "site-contact": "018118b4c6c6d6c8e70ef026110a537ea18afa471894acf568d9f24ad58b257a",
  "site-demos": "624ca0059cdb4130c50282d9806ce82e73b9c0acef3da4a85d21eef0629264e1",
  "site-donate": "0007c0b5ebc564bdb48a1a471f80f8e01a99eacd87830c8540773301fd916317",
  "site-home": "69ae7e1423312a226fb57809d72ed08dee5aaa28818bf380b5d12dc99d179814",
  "site-icon": "82b024c9ad34d0a263c0b2c6952155a81afdd71bfbde92754b0d4a3c83ae13d0",
  "site-math": "b74df88e654224bc1d4992eec6a4de147ab2383c12b586f85d18f8b2ff794fe6",
  "site-og": "e0b6e3f920d4929904259889552c49c3e9800fd729063b7c94da7a3d6c10adfd",
  "site-page": "494141b3e94423fab22057b69a4861f8aabf58f5bc486182a018a53716ff4f26",
  "site-papers": "8e88c39fe0243496fa2d331d4b2f6482bfa5127a7e9fbbedbccf14aa89824a21",
  "site-research": "0b409b5e7744696dbe338bfbfba6ef0e732f37d04c8e5c951ecac59ca3c09b95",
  "site-wiki": "1d8568778a69fe876ec0874932367432cf20d00fe9c8b740944aead268a2a070",
  "walks-fig": {"key": "fdbf9792832936a1d8e6916a92ae9ac7da458a1691537fcbbc0e11e528703e91", "files": ["walks-fig.png", "walks-fig.webp"]},
  "wiki-basel-problem": "a5b1ae5a04ee78c78fba90e7fcbfa039f4156f6fe3405f3267116422be92c09b",
  "wiki-beurling-generalized-primes": "cafd6ed70f3b91692f7cdc86aa57e44204bf4ca3c33bcd9589d9a5c83b4de5ba",
  "wiki-burnsides-lemma": "9d76738b12415b52de26fb3b8d3cee8641ec162a88082fa353bc85c48a72e081",
  "wiki-cantor-set": "eb158b957168eec7da8e369bec843825e8dac50deb368e7d9b0319b71b11ae1a",
  "wiki-cellular-automaton": "fb28919d417b62423f28a9b86ba1c57ef9333b1c48fe44910be4f5e0a7386f6e",
  "wiki-difference-coarray": "f09a9dc25f0342e47cb4db25b87a97624cacd992cf6f375ed3f2942197f25398",
  "wiki-digit-sum": "ec0875c37816e045669e119b577b4139b9952de9eb98eedd81a66c6b3b3ede41",
  "wiki-divisor-function": "7c2bed3dacbf8589d4a9568fc2293dfebab32f414eec5c34724fc13775c7bd68",
  "wiki-domino-tilings": "1310949c58c1b9d08bf6250536857c6306b22e8d77704da067bbf3bbe0b6fdf1",
  "wiki-eisenstein-integers": "e0dade8f6fbfcf8768ae95f0522cbf0a7527bbc2f171fe36f6b1ba8fa5518699",
  "wiki-euler-characteristic": "8d8de824cd81df2ed712f3c4b511092ecaa18ed4312b3175c80b00f60242ee18",
  "wiki-euler-mascheroni-constant": "3450fa6186afd5f8b27fb1d8fa10917e50942d56b0b4ad4a591711b8b40f795b",
  "wiki-eulers-number": "dc1635e2e3bd2478e7b1a2b22713b5bbea0155da35c86d09a0ec83b9221b6389",
  "wiki-eulers-totient": "eedc0fb7032604768969a880839601bd69588c9301f785f6a1509bf6432dff9a",
  "wiki-famous-formulas": "b1fe77e1652b74eb5d545aa110a862e5481549e8d1cee130fcdc2824518ff674",
  "wiki-farey-sequence": "26ecb83a563644ffe86b425355c16f2c26c49f2a43c5ab292e3c4dc436170804",
  "wiki-ford-circles": "c25c9d71367dfd2476221f60874770383da3a6a489b0349a9c5f4795cc22f532",
  "wiki-fractal-dimension": "cccc7dc24b388152a1bbfe98bb73783a2f997d24b5766c8ed5ad34f0474009e4",
  "wiki-gaussian-integers": "a302b8d08ceec92b843193ff8b62a3d4b3eaeae4bc9957f6a7b465b46d50592c",
  "wiki-goldbach-conjecture": "26379d8c32c6277f660661b5065bb4fc00f473c0c35bc95707b181c4bd35dd60",
  "wiki-graph-laplacian": "3991b96f82d895f06093a7f3d63d1b2a5962e8e059494ad3b9e50369cf07c111",
  "wiki-graphs": "4a1ce5f7df3d816bbaa10e175010d467a7133e702d671c5cb2f658430851ee15",
  "wiki-greatest-common-divisor": "de0b43b3031794872233bec67bc0b487a74c381a2a1451cfe75056884708c7b3",
  "wiki-horocycle-flow": "8033c2c66d78821ac1fa7625d4a69eb3ab9c35ffc0dc692ae8271b3360100a43",
  "wiki-kronecker-product": "6e7b01dfc4551df60e1c2483f545ea589dae9ae99e03a4130b09069bce9ba4af",
  "wiki-kummers-theorem": "87d4bad37659d069115a562004a0f777b44da8833fcabff6a7f76fc71c80152e",
  "wiki-leibniz-series": "dbbf6cd0727780533d3ae79889a79a287bb017ccfccaf249eda4177c15524bb8",
  "wiki-mahler-measure": "70c4806e1604c143636a72b43a52869340c23903493161603eb1b51025c8bfa4",
  "wiki-menger-sponge": "54ef1c6596a298e24b3affaa1d729fb112974cca12248ad143a0213a9b371278",
  "wiki-mertens-function": "46d376fc6c431b41d54bdd8186a33f9bbfa0f2ed627bfd1e396fa10dab8b93d6",
  "wiki-minkowski-content": "70516729eb18e422627cb1de929fa5e1c613d797c06f985ff9f36c43407ff2de",
  "wiki-missing-digit-numbers": "3fc0559b0cb4580f1331dab63fd199df1c0ed48934f8b1c77d0fe16c2d0c89c5",
  "wiki-mobius-function": "99e431ce17714fa0b5c6e45ac1d425180d59dc6dba2cc49e8c677caa3bc4e830",
  "wiki-moire": "720a28258b73f9f6ba32e84fc20e9a56899e0128f5565685cc9ada2820426973",
  "wiki-nodal-domains": "c0d5b12401d74a0bd0f122f04d60fd83a9f00853954258bc7010bf0016fa994d",
  "wiki-parity": "27d9dc5b47073fa54c32f7586550965c0801002bd382ad9e5b68abfc54e4e544",
  "wiki-pascals-triangle": "f83f3b809b7832fa53d87db96e9ebcc54f1fd85784015febc439de274fc904d3",
  "wiki-prime-counting-function": "7a341d25f9a2b15bc34eb9eed9aee986e3572b4334126f3edd3314d60a6f9a08",
  "wiki-prime-numbers": "42f398bcb072dc21283526e610cdb07b2fb0d44f90439e7c0b744a9c45f6e02f",
  "wiki-rajchman-measure": "615c2cf507a67b06951ee762ed052abebbce1c26647acd17c42ec69a84af263e",
  "wiki-random-walk": "7b4742bd8f0f49e76e85ae98abf628de82e4717f282b8fc74a2794e421d354d0",
  "wiki-rep-tiles": "795e9225accb9f14fe34b3279e2ecb11963bdb455ef1de0dc209ad38237b8c8f",
  "wiki-riemann-zeta-function": "9d96e9619aaed1b5b95cb30328372fa8b70f6495c62f5dd88c00a8806a373f92",
  "wiki-sierpinski-carpet": "d39faa774aaa408fc5b793f301eee7892869b2b52e868ddd321b3970a838a12a",
  "wiki-space-filling-curve": "a02aa9b1837c7ecfe579101f6d0723eb6d9f72d65cfc0158a06e5cd6b4a9f9e8",
  "wiki-spectral-radius": "437bac06d1e33b2ed3f50fb039716ec6bd6f22aa937a52609dfd3b25a7bc562e",
  "wiki-spirograph": "d8a0910b53a4728a335c3119730b01924950f3433438e7e9993cd9e456076ebb",
  "wiki-stern-diatomic-sequence": "c312346c4621b3596cf91603282e3cf1a6e5aa6b60bb1ff96b377e6e3f6e39fe",
  "wiki-subshift-of-finite-type": "47344e7ff0ffa8d64c4250b018e07f2109c03250611dcccd4ee751c8ccd172aa",
  "wiki-substitution-tiling": "5104f54b9476080eda04701538cdecff8f771809daa689c9f28d17668eb50492",
  "wiki-thue-morse-sequence": "6c94afab99b83e11220194b16c6a9d83662608c0136a5da7bad6b01eb80e18b9",
  "wiki-transfer-matrix": "c9bc990b131c656f4127b1fdbc30f0c91f93419a4dcaf6c8f924b36792d5b185",
  "wiki-truchet-tiles": "6692819d99f317dcf6fa31b02c1370b6c6c39be066ee840c5e49c4006b2e3c3d",
  "wiki-ulam-spiral": "8f5423046eec75e3cd889368ceb303aa692baca6e36ad67ccf8541481ac52c02",
  "wiki-visible-lattice-points": "d055de48cbfe17b1372f2065b5cafa6238eb71f0152ad41e7f8289da382878e6",
  "wiki-wallis-product": "33072d0e5956ac4ae0a97cbac49bbf34593c8cf359f59fed5e612c19d3266ddd",
  "wiki-wallis-sieve": "47036517bffe102699f450f341dcd4e8cb8f610a034907b5612cf31bd28e0b70",
  "wiki-wang-tiles": "d82b01c6d244ea4c8d7d512b41420254920d6067630d813856d09bc9a66751c6"
}
