{
  "lockfileVersion": 2,
  "configVersion": 1,
  "workspaces": {
    "": {
      "name": "figures",
      "dependencies": {
        "mrlyjs": "workspace:*",
      },
    },
    "../pkgs/mrlyjs": {
      "name": "mrlyjs",
      "version": "0.2.0",
    },
  },
  "packages": {
    "mrlyjs": ["mrlyjs@workspace:../pkgs/mrlyjs"],
  }
}
